
Microsoft Visual Studio Solution File, Format Version 12.00
# Visual Studio 14
VisualStudioVersion = 14.0.25420.1
MinimumVisualStudioVersion = 10.0.40219.1
Project("{FAE04EC0-301F-11D3-BF4B-00C04F79EFBC}") = "SanManuelMobile.Core", "SanManuelMobile\SanManuelMobile\SanManuelMobile.Core.csproj", "{153562CD-21E4-4F7B-8D31-9DD7E4414387}"
EndProject
Project("{FAE04EC0-301F-11D3-BF4B-00C04F79EFBC}") = "SanManuelMobile.iOS", "SanManuelMobile\SanManuelMobile.iOS\SanManuelMobile.iOS.csproj", "{CAC40554-FB52-4BCB-9D0C-C7DC642D8B3C}"
EndProject
Project("{FAE04EC0-301F-11D3-BF4B-00C04F79EFBC}") = "SanManuelMobile.WinPhone", "SanManuelMobile\SanManuelMobile.WinPhone\SanManuelMobile.WinPhone.csproj", "{9A01CFAD-58DE-4F1D-98BF-A7F3239BBC0A}"
EndProject
Project("{FAE04EC0-301F-11D3-BF4B-00C04F79EFBC}") = "SanManuelMobile.UWP", "SanManuelMobile\SanManuelMobile.UWP\SanManuelMobile.UWP.csproj", "{AC00C1F3-6CD5-4294-A18A-8A3E81654FA8}"
EndProject
Project("{FAE04EC0-301F-11D3-BF4B-00C04F79EFBC}") = "SanManuelMobile.Windows", "SanManuelMobile\SanManuelMobile.Windows\SanManuelMobile.Windows.csproj", "{E146F0A2-9DF6-477C-8DEF-1F804BFE91EE}"
EndProject
Project("{FAE04EC0-301F-11D3-BF4B-00C04F79EFBC}") = "SanManuelMobile.Droid", "SanManuelMobile\SanManuelMobile.Droid\SanManuelMobile.Droid.csproj", "{96BD5706-7A4F-439C-B64D-13000C0244F0}"
EndProject
Project("{FAE04EC0-301F-11D3-BF4B-00C04F79EFBC}") = "SanManuelAPI", "SanManuelAPI\SanManuelAPI.csproj", "{5802A4F0-EA7C-415F-A6A2-0220C5DF681B}"
EndProject
Project("{FAE04EC0-301F-11D3-BF4B-00C04F79EFBC}") = "SanManuelAPITester", "SanManuelAPITester\SanManuelAPITester.csproj", "{E1DD1F5E-D88A-492A-82CF-BAC23FD995D8}"
EndProject
Global
	GlobalSection(SolutionConfigurationPlatforms) = preSolution
		Ad-Hoc|Any CPU = Ad-Hoc|Any CPU
		Ad-Hoc|ARM = Ad-Hoc|ARM
		Ad-Hoc|iPhone = Ad-Hoc|iPhone
		Ad-Hoc|iPhoneSimulator = Ad-Hoc|iPhoneSimulator
		Ad-Hoc|x64 = Ad-Hoc|x64
		Ad-Hoc|x86 = Ad-Hoc|x86
		AppStore|Any CPU = AppStore|Any CPU
		AppStore|ARM = AppStore|ARM
		AppStore|iPhone = AppStore|iPhone
		AppStore|iPhoneSimulator = AppStore|iPhoneSimulator
		AppStore|x64 = AppStore|x64
		AppStore|x86 = AppStore|x86
		Debug|Any CPU = Debug|Any CPU
		Debug|ARM = Debug|ARM
		Debug|iPhone = Debug|iPhone
		Debug|iPhoneSimulator = Debug|iPhoneSimulator
		Debug|x64 = Debug|x64
		Debug|x86 = Debug|x86
		Release|Any CPU = Release|Any CPU
		Release|ARM = Release|ARM
		Release|iPhone = Release|iPhone
		Release|iPhoneSimulator = Release|iPhoneSimulator
		Release|x64 = Release|x64
		Release|x86 = Release|x86
	EndGlobalSection
	GlobalSection(ProjectConfigurationPlatforms) = postSolution
		{153562CD-21E4-4F7B-8D31-9DD7E4414387}.Ad-Hoc|Any CPU.ActiveCfg = Release|Any CPU
		{153562CD-21E4-4F7B-8D31-9DD7E4414387}.Ad-Hoc|Any CPU.Build.0 = Release|Any CPU
		{153562CD-21E4-4F7B-8D31-9DD7E4414387}.Ad-Hoc|ARM.ActiveCfg = Release|Any CPU
		{153562CD-21E4-4F7B-8D31-9DD7E4414387}.Ad-Hoc|ARM.Build.0 = Release|Any CPU
		{153562CD-21E4-4F7B-8D31-9DD7E4414387}.Ad-Hoc|iPhone.ActiveCfg = Release|Any CPU
		{153562CD-21E4-4F7B-8D31-9DD7E4414387}.Ad-Hoc|iPhone.Build.0 = Release|Any CPU
		{153562CD-21E4-4F7B-8D31-9DD7E4414387}.Ad-Hoc|iPhoneSimulator.ActiveCfg = Release|Any CPU
		{153562CD-21E4-4F7B-8D31-9DD7E4414387}.Ad-Hoc|iPhoneSimulator.Build.0 = Release|Any CPU
		{153562CD-21E4-4F7B-8D31-9DD7E4414387}.Ad-Hoc|x64.ActiveCfg = Release|Any CPU
		{153562CD-21E4-4F7B-8D31-9DD7E4414387}.Ad-Hoc|x64.Build.0 = Release|Any CPU
		{153562CD-21E4-4F7B-8D31-9DD7E4414387}.Ad-Hoc|x86.ActiveCfg = Release|Any CPU
		{153562CD-21E4-4F7B-8D31-9DD7E4414387}.Ad-Hoc|x86.Build.0 = Release|Any CPU
		{153562CD-21E4-4F7B-8D31-9DD7E4414387}.AppStore|Any CPU.ActiveCfg = Release|Any CPU
		{153562CD-21E4-4F7B-8D31-9DD7E4414387}.AppStore|Any CPU.Build.0 = Release|Any CPU
		{153562CD-21E4-4F7B-8D31-9DD7E4414387}.AppStore|ARM.ActiveCfg = Release|Any CPU
		{153562CD-21E4-4F7B-8D31-9DD7E4414387}.AppStore|ARM.Build.0 = Release|Any CPU
		{153562CD-21E4-4F7B-8D31-9DD7E4414387}.AppStore|iPhone.ActiveCfg = Release|Any CPU
		{153562CD-21E4-4F7B-8D31-9DD7E4414387}.AppStore|iPhone.Build.0 = Release|Any CPU
		{153562CD-21E4-4F7B-8D31-9DD7E4414387}.AppStore|iPhoneSimulator.ActiveCfg = Release|Any CPU
		{153562CD-21E4-4F7B-8D31-9DD7E4414387}.AppStore|iPhoneSimulator.Build.0 = Release|Any CPU
		{153562CD-21E4-4F7B-8D31-9DD7E4414387}.AppStore|x64.ActiveCfg = Release|Any CPU
		{153562CD-21E4-4F7B-8D31-9DD7E4414387}.AppStore|x64.Build.0 = Release|Any CPU
		{153562CD-21E4-4F7B-8D31-9DD7E4414387}.AppStore|x86.ActiveCfg = Release|Any CPU
		{153562CD-21E4-4F7B-8D31-9DD7E4414387}.AppStore|x86.Build.0 = Release|Any CPU
		{153562CD-21E4-4F7B-8D31-9DD7E4414387}.Debug|Any CPU.ActiveCfg = Debug|Any CPU
		{153562CD-21E4-4F7B-8D31-9DD7E4414387}.Debug|Any CPU.Build.0 = Debug|Any CPU
		{153562CD-21E4-4F7B-8D31-9DD7E4414387}.Debug|ARM.ActiveCfg = Debug|Any CPU
		{153562CD-21E4-4F7B-8D31-9DD7E4414387}.Debug|ARM.Build.0 = Debug|Any CPU
		{153562CD-21E4-4F7B-8D31-9DD7E4414387}.Debug|iPhone.ActiveCfg = Debug|Any CPU
		{153562CD-21E4-4F7B-8D31-9DD7E4414387}.Debug|iPhone.Build.0 = Debug|Any CPU
		{153562CD-21E4-4F7B-8D31-9DD7E4414387}.Debug|iPhoneSimulator.ActiveCfg = Debug|Any CPU
		{153562CD-21E4-4F7B-8D31-9DD7E4414387}.Debug|iPhoneSimulator.Build.0 = Debug|Any CPU
		{153562CD-21E4-4F7B-8D31-9DD7E4414387}.Debug|x64.ActiveCfg = Debug|Any CPU
		{153562CD-21E4-4F7B-8D31-9DD7E4414387}.Debug|x64.Build.0 = Debug|Any CPU
		{153562CD-21E4-4F7B-8D31-9DD7E4414387}.Debug|x86.ActiveCfg = Debug|Any CPU
		{153562CD-21E4-4F7B-8D31-9DD7E4414387}.Debug|x86.Build.0 = Debug|Any CPU
		{153562CD-21E4-4F7B-8D31-9DD7E4414387}.Release|Any CPU.ActiveCfg = Release|Any CPU
		{153562CD-21E4-4F7B-8D31-9DD7E4414387}.Release|Any CPU.Build.0 = Release|Any CPU
		{153562CD-21E4-4F7B-8D31-9DD7E4414387}.Release|ARM.ActiveCfg = Release|Any CPU
		{153562CD-21E4-4F7B-8D31-9DD7E4414387}.Release|ARM.Build.0 = Release|Any CPU
		{153562CD-21E4-4F7B-8D31-9DD7E4414387}.Release|iPhone.ActiveCfg = Release|Any CPU
		{153562CD-21E4-4F7B-8D31-9DD7E4414387}.Release|iPhone.Build.0 = Release|Any CPU
		{153562CD-21E4-4F7B-8D31-9DD7E4414387}.Release|iPhoneSimulator.ActiveCfg = Release|Any CPU
		{153562CD-21E4-4F7B-8D31-9DD7E4414387}.Release|iPhoneSimulator.Build.0 = Release|Any CPU
		{153562CD-21E4-4F7B-8D31-9DD7E4414387}.Release|x64.ActiveCfg = Release|Any CPU
		{153562CD-21E4-4F7B-8D31-9DD7E4414387}.Release|x64.Build.0 = Release|Any CPU
		{153562CD-21E4-4F7B-8D31-9DD7E4414387}.Release|x86.ActiveCfg = Release|Any CPU
		{153562CD-21E4-4F7B-8D31-9DD7E4414387}.Release|x86.Build.0 = Release|Any CPU
		{CAC40554-FB52-4BCB-9D0C-C7DC642D8B3C}.Ad-Hoc|Any CPU.ActiveCfg = Ad-Hoc|iPhone
		{CAC40554-FB52-4BCB-9D0C-C7DC642D8B3C}.Ad-Hoc|ARM.ActiveCfg = Ad-Hoc|iPhone
		{CAC40554-FB52-4BCB-9D0C-C7DC642D8B3C}.Ad-Hoc|iPhone.ActiveCfg = Ad-Hoc|iPhone
		{CAC40554-FB52-4BCB-9D0C-C7DC642D8B3C}.Ad-Hoc|iPhone.Build.0 = Ad-Hoc|iPhone
		{CAC40554-FB52-4BCB-9D0C-C7DC642D8B3C}.Ad-Hoc|iPhoneSimulator.ActiveCfg = Ad-Hoc|iPhoneSimulator
		{CAC40554-FB52-4BCB-9D0C-C7DC642D8B3C}.Ad-Hoc|iPhoneSimulator.Build.0 = Ad-Hoc|iPhoneSimulator
		{CAC40554-FB52-4BCB-9D0C-C7DC642D8B3C}.Ad-Hoc|x64.ActiveCfg = Ad-Hoc|iPhone
		{CAC40554-FB52-4BCB-9D0C-C7DC642D8B3C}.Ad-Hoc|x86.ActiveCfg = Ad-Hoc|iPhone
		{CAC40554-FB52-4BCB-9D0C-C7DC642D8B3C}.AppStore|Any CPU.ActiveCfg = AppStore|iPhone
		{CAC40554-FB52-4BCB-9D0C-C7DC642D8B3C}.AppStore|ARM.ActiveCfg = AppStore|iPhone
		{CAC40554-FB52-4BCB-9D0C-C7DC642D8B3C}.AppStore|iPhone.ActiveCfg = AppStore|iPhone
		{CAC40554-FB52-4BCB-9D0C-C7DC642D8B3C}.AppStore|iPhone.Build.0 = AppStore|iPhone
		{CAC40554-FB52-4BCB-9D0C-C7DC642D8B3C}.AppStore|iPhoneSimulator.ActiveCfg = AppStore|iPhoneSimulator
		{CAC40554-FB52-4BCB-9D0C-C7DC642D8B3C}.AppStore|iPhoneSimulator.Build.0 = AppStore|iPhoneSimulator
		{CAC40554-FB52-4BCB-9D0C-C7DC642D8B3C}.AppStore|x64.ActiveCfg = AppStore|iPhone
		{CAC40554-FB52-4BCB-9D0C-C7DC642D8B3C}.AppStore|x86.ActiveCfg = AppStore|iPhone
		{CAC40554-FB52-4BCB-9D0C-C7DC642D8B3C}.Debug|Any CPU.ActiveCfg = Debug|iPhone
		{CAC40554-FB52-4BCB-9D0C-C7DC642D8B3C}.Debug|ARM.ActiveCfg = Debug|iPhone
		{CAC40554-FB52-4BCB-9D0C-C7DC642D8B3C}.Debug|iPhone.ActiveCfg = Debug|iPhone
		{CAC40554-FB52-4BCB-9D0C-C7DC642D8B3C}.Debug|iPhone.Build.0 = Debug|iPhone
		{CAC40554-FB52-4BCB-9D0C-C7DC642D8B3C}.Debug|iPhoneSimulator.ActiveCfg = Debug|iPhoneSimulator
		{CAC40554-FB52-4BCB-9D0C-C7DC642D8B3C}.Debug|iPhoneSimulator.Build.0 = Debug|iPhoneSimulator
		{CAC40554-FB52-4BCB-9D0C-C7DC642D8B3C}.Debug|x64.ActiveCfg = Debug|iPhone
		{CAC40554-FB52-4BCB-9D0C-C7DC642D8B3C}.Debug|x86.ActiveCfg = Debug|iPhone
		{CAC40554-FB52-4BCB-9D0C-C7DC642D8B3C}.Release|Any CPU.ActiveCfg = Release|iPhone
		{CAC40554-FB52-4BCB-9D0C-C7DC642D8B3C}.Release|ARM.ActiveCfg = Release|iPhone
		{CAC40554-FB52-4BCB-9D0C-C7DC642D8B3C}.Release|iPhone.ActiveCfg = Release|iPhone
		{CAC40554-FB52-4BCB-9D0C-C7DC642D8B3C}.Release|iPhone.Build.0 = Release|iPhone
		{CAC40554-FB52-4BCB-9D0C-C7DC642D8B3C}.Release|iPhoneSimulator.ActiveCfg = Release|iPhoneSimulator
		{CAC40554-FB52-4BCB-9D0C-C7DC642D8B3C}.Release|iPhoneSimulator.Build.0 = Release|iPhoneSimulator
		{CAC40554-FB52-4BCB-9D0C-C7DC642D8B3C}.Release|x64.ActiveCfg = Release|iPhone
		{CAC40554-FB52-4BCB-9D0C-C7DC642D8B3C}.Release|x86.ActiveCfg = Release|iPhone
		{9A01CFAD-58DE-4F1D-98BF-A7F3239BBC0A}.Ad-Hoc|Any CPU.ActiveCfg = Release|Any CPU
		{9A01CFAD-58DE-4F1D-98BF-A7F3239BBC0A}.Ad-Hoc|Any CPU.Build.0 = Release|Any CPU
		{9A01CFAD-58DE-4F1D-98BF-A7F3239BBC0A}.Ad-Hoc|Any CPU.Deploy.0 = Release|Any CPU
		{9A01CFAD-58DE-4F1D-98BF-A7F3239BBC0A}.Ad-Hoc|ARM.ActiveCfg = Release|ARM
		{9A01CFAD-58DE-4F1D-98BF-A7F3239BBC0A}.Ad-Hoc|ARM.Build.0 = Release|ARM
		{9A01CFAD-58DE-4F1D-98BF-A7F3239BBC0A}.Ad-Hoc|ARM.Deploy.0 = Release|ARM
		{9A01CFAD-58DE-4F1D-98BF-A7F3239BBC0A}.Ad-Hoc|iPhone.ActiveCfg = Release|Any CPU
		{9A01CFAD-58DE-4F1D-98BF-A7F3239BBC0A}.Ad-Hoc|iPhone.Build.0 = Release|Any CPU
		{9A01CFAD-58DE-4F1D-98BF-A7F3239BBC0A}.Ad-Hoc|iPhone.Deploy.0 = Release|Any CPU
		{9A01CFAD-58DE-4F1D-98BF-A7F3239BBC0A}.Ad-Hoc|iPhoneSimulator.ActiveCfg = Release|Any CPU
		{9A01CFAD-58DE-4F1D-98BF-A7F3239BBC0A}.Ad-Hoc|iPhoneSimulator.Build.0 = Release|Any CPU
		{9A01CFAD-58DE-4F1D-98BF-A7F3239BBC0A}.Ad-Hoc|iPhoneSimulator.Deploy.0 = Release|Any CPU
		{9A01CFAD-58DE-4F1D-98BF-A7F3239BBC0A}.Ad-Hoc|x64.ActiveCfg = Release|Any CPU
		{9A01CFAD-58DE-4F1D-98BF-A7F3239BBC0A}.Ad-Hoc|x64.Build.0 = Release|Any CPU
		{9A01CFAD-58DE-4F1D-98BF-A7F3239BBC0A}.Ad-Hoc|x64.Deploy.0 = Release|Any CPU
		{9A01CFAD-58DE-4F1D-98BF-A7F3239BBC0A}.Ad-Hoc|x86.ActiveCfg = Release|x86
		{9A01CFAD-58DE-4F1D-98BF-A7F3239BBC0A}.Ad-Hoc|x86.Build.0 = Release|x86
		{9A01CFAD-58DE-4F1D-98BF-A7F3239BBC0A}.Ad-Hoc|x86.Deploy.0 = Release|x86
		{9A01CFAD-58DE-4F1D-98BF-A7F3239BBC0A}.AppStore|Any CPU.ActiveCfg = Release|Any CPU
		{9A01CFAD-58DE-4F1D-98BF-A7F3239BBC0A}.AppStore|Any CPU.Build.0 = Release|Any CPU
		{9A01CFAD-58DE-4F1D-98BF-A7F3239BBC0A}.AppStore|Any CPU.Deploy.0 = Release|Any CPU
		{9A01CFAD-58DE-4F1D-98BF-A7F3239BBC0A}.AppStore|ARM.ActiveCfg = Release|ARM
		{9A01CFAD-58DE-4F1D-98BF-A7F3239BBC0A}.AppStore|ARM.Build.0 = Release|ARM
		{9A01CFAD-58DE-4F1D-98BF-A7F3239BBC0A}.AppStore|ARM.Deploy.0 = Release|ARM
		{9A01CFAD-58DE-4F1D-98BF-A7F3239BBC0A}.AppStore|iPhone.ActiveCfg = Release|Any CPU
		{9A01CFAD-58DE-4F1D-98BF-A7F3239BBC0A}.AppStore|iPhone.Build.0 = Release|Any CPU
		{9A01CFAD-58DE-4F1D-98BF-A7F3239BBC0A}.AppStore|iPhone.Deploy.0 = Release|Any CPU
		{9A01CFAD-58DE-4F1D-98BF-A7F3239BBC0A}.AppStore|iPhoneSimulator.ActiveCfg = Release|Any CPU
		{9A01CFAD-58DE-4F1D-98BF-A7F3239BBC0A}.AppStore|iPhoneSimulator.Build.0 = Release|Any CPU
		{9A01CFAD-58DE-4F1D-98BF-A7F3239BBC0A}.AppStore|iPhoneSimulator.Deploy.0 = Release|Any CPU
		{9A01CFAD-58DE-4F1D-98BF-A7F3239BBC0A}.AppStore|x64.ActiveCfg = Release|Any CPU
		{9A01CFAD-58DE-4F1D-98BF-A7F3239BBC0A}.AppStore|x64.Build.0 = Release|Any CPU
		{9A01CFAD-58DE-4F1D-98BF-A7F3239BBC0A}.AppStore|x64.Deploy.0 = Release|Any CPU
		{9A01CFAD-58DE-4F1D-98BF-A7F3239BBC0A}.AppStore|x86.ActiveCfg = Release|x86
		{9A01CFAD-58DE-4F1D-98BF-A7F3239BBC0A}.AppStore|x86.Build.0 = Release|x86
		{9A01CFAD-58DE-4F1D-98BF-A7F3239BBC0A}.AppStore|x86.Deploy.0 = Release|x86
		{9A01CFAD-58DE-4F1D-98BF-A7F3239BBC0A}.Debug|Any CPU.ActiveCfg = Debug|Any CPU
		{9A01CFAD-58DE-4F1D-98BF-A7F3239BBC0A}.Debug|Any CPU.Build.0 = Debug|Any CPU
		{9A01CFAD-58DE-4F1D-98BF-A7F3239BBC0A}.Debug|Any CPU.Deploy.0 = Debug|Any CPU
		{9A01CFAD-58DE-4F1D-98BF-A7F3239BBC0A}.Debug|ARM.ActiveCfg = Debug|ARM
		{9A01CFAD-58DE-4F1D-98BF-A7F3239BBC0A}.Debug|ARM.Build.0 = Debug|ARM
		{9A01CFAD-58DE-4F1D-98BF-A7F3239BBC0A}.Debug|ARM.Deploy.0 = Debug|ARM
		{9A01CFAD-58DE-4F1D-98BF-A7F3239BBC0A}.Debug|iPhone.ActiveCfg = Debug|Any CPU
		{9A01CFAD-58DE-4F1D-98BF-A7F3239BBC0A}.Debug|iPhone.Build.0 = Debug|Any CPU
		{9A01CFAD-58DE-4F1D-98BF-A7F3239BBC0A}.Debug|iPhone.Deploy.0 = Debug|Any CPU
		{9A01CFAD-58DE-4F1D-98BF-A7F3239BBC0A}.Debug|iPhoneSimulator.ActiveCfg = Debug|Any CPU
		{9A01CFAD-58DE-4F1D-98BF-A7F3239BBC0A}.Debug|iPhoneSimulator.Build.0 = Debug|Any CPU
		{9A01CFAD-58DE-4F1D-98BF-A7F3239BBC0A}.Debug|iPhoneSimulator.Deploy.0 = Debug|Any CPU
		{9A01CFAD-58DE-4F1D-98BF-A7F3239BBC0A}.Debug|x64.ActiveCfg = Debug|Any CPU
		{9A01CFAD-58DE-4F1D-98BF-A7F3239BBC0A}.Debug|x64.Build.0 = Debug|Any CPU
		{9A01CFAD-58DE-4F1D-98BF-A7F3239BBC0A}.Debug|x64.Deploy.0 = Debug|Any CPU
		{9A01CFAD-58DE-4F1D-98BF-A7F3239BBC0A}.Debug|x86.ActiveCfg = Debug|x86
		{9A01CFAD-58DE-4F1D-98BF-A7F3239BBC0A}.Debug|x86.Build.0 = Debug|x86
		{9A01CFAD-58DE-4F1D-98BF-A7F3239BBC0A}.Debug|x86.Deploy.0 = Debug|x86
		{9A01CFAD-58DE-4F1D-98BF-A7F3239BBC0A}.Release|Any CPU.ActiveCfg = Release|Any CPU
		{9A01CFAD-58DE-4F1D-98BF-A7F3239BBC0A}.Release|Any CPU.Build.0 = Release|Any CPU
		{9A01CFAD-58DE-4F1D-98BF-A7F3239BBC0A}.Release|Any CPU.Deploy.0 = Release|Any CPU
		{9A01CFAD-58DE-4F1D-98BF-A7F3239BBC0A}.Release|ARM.ActiveCfg = Release|ARM
		{9A01CFAD-58DE-4F1D-98BF-A7F3239BBC0A}.Release|ARM.Build.0 = Release|ARM
		{9A01CFAD-58DE-4F1D-98BF-A7F3239BBC0A}.Release|ARM.Deploy.0 = Release|ARM
		{9A01CFAD-58DE-4F1D-98BF-A7F3239BBC0A}.Release|iPhone.ActiveCfg = Release|Any CPU
		{9A01CFAD-58DE-4F1D-98BF-A7F3239BBC0A}.Release|iPhone.Build.0 = Release|Any CPU
		{9A01CFAD-58DE-4F1D-98BF-A7F3239BBC0A}.Release|iPhone.Deploy.0 = Release|Any CPU
		{9A01CFAD-58DE-4F1D-98BF-A7F3239BBC0A}.Release|iPhoneSimulator.ActiveCfg = Release|Any CPU
		{9A01CFAD-58DE-4F1D-98BF-A7F3239BBC0A}.Release|iPhoneSimulator.Build.0 = Release|Any CPU
		{9A01CFAD-58DE-4F1D-98BF-A7F3239BBC0A}.Release|iPhoneSimulator.Deploy.0 = Release|Any CPU
		{9A01CFAD-58DE-4F1D-98BF-A7F3239BBC0A}.Release|x64.ActiveCfg = Release|Any CPU
		{9A01CFAD-58DE-4F1D-98BF-A7F3239BBC0A}.Release|x64.Build.0 = Release|Any CPU
		{9A01CFAD-58DE-4F1D-98BF-A7F3239BBC0A}.Release|x64.Deploy.0 = Release|Any CPU
		{9A01CFAD-58DE-4F1D-98BF-A7F3239BBC0A}.Release|x86.ActiveCfg = Release|x86
		{9A01CFAD-58DE-4F1D-98BF-A7F3239BBC0A}.Release|x86.Build.0 = Release|x86
		{9A01CFAD-58DE-4F1D-98BF-A7F3239BBC0A}.Release|x86.Deploy.0 = Release|x86
		{AC00C1F3-6CD5-4294-A18A-8A3E81654FA8}.Ad-Hoc|Any CPU.ActiveCfg = Release|x86
		{AC00C1F3-6CD5-4294-A18A-8A3E81654FA8}.Ad-Hoc|Any CPU.Build.0 = Release|x86
		{AC00C1F3-6CD5-4294-A18A-8A3E81654FA8}.Ad-Hoc|Any CPU.Deploy.0 = Release|x86
		{AC00C1F3-6CD5-4294-A18A-8A3E81654FA8}.Ad-Hoc|ARM.ActiveCfg = Release|ARM
		{AC00C1F3-6CD5-4294-A18A-8A3E81654FA8}.Ad-Hoc|ARM.Build.0 = Release|ARM
		{AC00C1F3-6CD5-4294-A18A-8A3E81654FA8}.Ad-Hoc|ARM.Deploy.0 = Release|ARM
		{AC00C1F3-6CD5-4294-A18A-8A3E81654FA8}.Ad-Hoc|iPhone.ActiveCfg = Release|x86
		{AC00C1F3-6CD5-4294-A18A-8A3E81654FA8}.Ad-Hoc|iPhone.Build.0 = Release|x86
		{AC00C1F3-6CD5-4294-A18A-8A3E81654FA8}.Ad-Hoc|iPhone.Deploy.0 = Release|x86
		{AC00C1F3-6CD5-4294-A18A-8A3E81654FA8}.Ad-Hoc|iPhoneSimulator.ActiveCfg = Release|x86
		{AC00C1F3-6CD5-4294-A18A-8A3E81654FA8}.Ad-Hoc|iPhoneSimulator.Build.0 = Release|x86
		{AC00C1F3-6CD5-4294-A18A-8A3E81654FA8}.Ad-Hoc|iPhoneSimulator.Deploy.0 = Release|x86
		{AC00C1F3-6CD5-4294-A18A-8A3E81654FA8}.Ad-Hoc|x64.ActiveCfg = Release|x64
		{AC00C1F3-6CD5-4294-A18A-8A3E81654FA8}.Ad-Hoc|x64.Build.0 = Release|x64
		{AC00C1F3-6CD5-4294-A18A-8A3E81654FA8}.Ad-Hoc|x64.Deploy.0 = Release|x64
		{AC00C1F3-6CD5-4294-A18A-8A3E81654FA8}.Ad-Hoc|x86.ActiveCfg = Release|x86
		{AC00C1F3-6CD5-4294-A18A-8A3E81654FA8}.Ad-Hoc|x86.Build.0 = Release|x86
		{AC00C1F3-6CD5-4294-A18A-8A3E81654FA8}.Ad-Hoc|x86.Deploy.0 = Release|x86
		{AC00C1F3-6CD5-4294-A18A-8A3E81654FA8}.AppStore|Any CPU.ActiveCfg = Release|x86
		{AC00C1F3-6CD5-4294-A18A-8A3E81654FA8}.AppStore|Any CPU.Build.0 = Release|x86
		{AC00C1F3-6CD5-4294-A18A-8A3E81654FA8}.AppStore|Any CPU.Deploy.0 = Release|x86
		{AC00C1F3-6CD5-4294-A18A-8A3E81654FA8}.AppStore|ARM.ActiveCfg = Release|ARM
		{AC00C1F3-6CD5-4294-A18A-8A3E81654FA8}.AppStore|ARM.Build.0 = Release|ARM
		{AC00C1F3-6CD5-4294-A18A-8A3E81654FA8}.AppStore|ARM.Deploy.0 = Release|ARM
		{AC00C1F3-6CD5-4294-A18A-8A3E81654FA8}.AppStore|iPhone.ActiveCfg = Release|x86
		{AC00C1F3-6CD5-4294-A18A-8A3E81654FA8}.AppStore|iPhone.Build.0 = Release|x86
		{AC00C1F3-6CD5-4294-A18A-8A3E81654FA8}.AppStore|iPhone.Deploy.0 = Release|x86
		{AC00C1F3-6CD5-4294-A18A-8A3E81654FA8}.AppStore|iPhoneSimulator.ActiveCfg = Release|x86
		{AC00C1F3-6CD5-4294-A18A-8A3E81654FA8}.AppStore|iPhoneSimulator.Build.0 = Release|x86
		{AC00C1F3-6CD5-4294-A18A-8A3E81654FA8}.AppStore|iPhoneSimulator.Deploy.0 = Release|x86
		{AC00C1F3-6CD5-4294-A18A-8A3E81654FA8}.AppStore|x64.ActiveCfg = Release|x64
		{AC00C1F3-6CD5-4294-A18A-8A3E81654FA8}.AppStore|x64.Build.0 = Release|x64
		{AC00C1F3-6CD5-4294-A18A-8A3E81654FA8}.AppStore|x64.Deploy.0 = Release|x64
		{AC00C1F3-6CD5-4294-A18A-8A3E81654FA8}.AppStore|x86.ActiveCfg = Release|x86
		{AC00C1F3-6CD5-4294-A18A-8A3E81654FA8}.AppStore|x86.Build.0 = Release|x86
		{AC00C1F3-6CD5-4294-A18A-8A3E81654FA8}.AppStore|x86.Deploy.0 = Release|x86
		{AC00C1F3-6CD5-4294-A18A-8A3E81654FA8}.Debug|Any CPU.ActiveCfg = Debug|x86
		{AC00C1F3-6CD5-4294-A18A-8A3E81654FA8}.Debug|ARM.ActiveCfg = Debug|ARM
		{AC00C1F3-6CD5-4294-A18A-8A3E81654FA8}.Debug|ARM.Build.0 = Debug|ARM
		{AC00C1F3-6CD5-4294-A18A-8A3E81654FA8}.Debug|ARM.Deploy.0 = Debug|ARM
		{AC00C1F3-6CD5-4294-A18A-8A3E81654FA8}.Debug|iPhone.ActiveCfg = Debug|x86
		{AC00C1F3-6CD5-4294-A18A-8A3E81654FA8}.Debug|iPhoneSimulator.ActiveCfg = Debug|x86
		{AC00C1F3-6CD5-4294-A18A-8A3E81654FA8}.Debug|x64.ActiveCfg = Debug|x64
		{AC00C1F3-6CD5-4294-A18A-8A3E81654FA8}.Debug|x64.Build.0 = Debug|x64
		{AC00C1F3-6CD5-4294-A18A-8A3E81654FA8}.Debug|x64.Deploy.0 = Debug|x64
		{AC00C1F3-6CD5-4294-A18A-8A3E81654FA8}.Debug|x86.ActiveCfg = Debug|x86
		{AC00C1F3-6CD5-4294-A18A-8A3E81654FA8}.Debug|x86.Build.0 = Debug|x86
		{AC00C1F3-6CD5-4294-A18A-8A3E81654FA8}.Debug|x86.Deploy.0 = Debug|x86
		{AC00C1F3-6CD5-4294-A18A-8A3E81654FA8}.Release|Any CPU.ActiveCfg = Release|x86
		{AC00C1F3-6CD5-4294-A18A-8A3E81654FA8}.Release|ARM.ActiveCfg = Release|ARM
		{AC00C1F3-6CD5-4294-A18A-8A3E81654FA8}.Release|ARM.Build.0 = Release|ARM
		{AC00C1F3-6CD5-4294-A18A-8A3E81654FA8}.Release|ARM.Deploy.0 = Release|ARM
		{AC00C1F3-6CD5-4294-A18A-8A3E81654FA8}.Release|iPhone.ActiveCfg = Release|x86
		{AC00C1F3-6CD5-4294-A18A-8A3E81654FA8}.Release|iPhoneSimulator.ActiveCfg = Release|x86
		{AC00C1F3-6CD5-4294-A18A-8A3E81654FA8}.Release|x64.ActiveCfg = Release|x64
		{AC00C1F3-6CD5-4294-A18A-8A3E81654FA8}.Release|x64.Build.0 = Release|x64
		{AC00C1F3-6CD5-4294-A18A-8A3E81654FA8}.Release|x64.Deploy.0 = Release|x64
		{AC00C1F3-6CD5-4294-A18A-8A3E81654FA8}.Release|x86.ActiveCfg = Release|x86
		{AC00C1F3-6CD5-4294-A18A-8A3E81654FA8}.Release|x86.Build.0 = Release|x86
		{AC00C1F3-6CD5-4294-A18A-8A3E81654FA8}.Release|x86.Deploy.0 = Release|x86
		{E146F0A2-9DF6-477C-8DEF-1F804BFE91EE}.Ad-Hoc|Any CPU.ActiveCfg = Release|Any CPU
		{E146F0A2-9DF6-477C-8DEF-1F804BFE91EE}.Ad-Hoc|Any CPU.Build.0 = Release|Any CPU
		{E146F0A2-9DF6-477C-8DEF-1F804BFE91EE}.Ad-Hoc|Any CPU.Deploy.0 = Release|Any CPU
		{E146F0A2-9DF6-477C-8DEF-1F804BFE91EE}.Ad-Hoc|ARM.ActiveCfg = Release|ARM
		{E146F0A2-9DF6-477C-8DEF-1F804BFE91EE}.Ad-Hoc|ARM.Build.0 = Release|ARM
		{E146F0A2-9DF6-477C-8DEF-1F804BFE91EE}.Ad-Hoc|ARM.Deploy.0 = Release|ARM
		{E146F0A2-9DF6-477C-8DEF-1F804BFE91EE}.Ad-Hoc|iPhone.ActiveCfg = Release|Any CPU
		{E146F0A2-9DF6-477C-8DEF-1F804BFE91EE}.Ad-Hoc|iPhone.Build.0 = Release|Any CPU
		{E146F0A2-9DF6-477C-8DEF-1F804BFE91EE}.Ad-Hoc|iPhone.Deploy.0 = Release|Any CPU
		{E146F0A2-9DF6-477C-8DEF-1F804BFE91EE}.Ad-Hoc|iPhoneSimulator.ActiveCfg = Release|Any CPU
		{E146F0A2-9DF6-477C-8DEF-1F804BFE91EE}.Ad-Hoc|iPhoneSimulator.Build.0 = Release|Any CPU
		{E146F0A2-9DF6-477C-8DEF-1F804BFE91EE}.Ad-Hoc|iPhoneSimulator.Deploy.0 = Release|Any CPU
		{E146F0A2-9DF6-477C-8DEF-1F804BFE91EE}.Ad-Hoc|x64.ActiveCfg = Release|x64
		{E146F0A2-9DF6-477C-8DEF-1F804BFE91EE}.Ad-Hoc|x64.Build.0 = Release|x64
		{E146F0A2-9DF6-477C-8DEF-1F804BFE91EE}.Ad-Hoc|x64.Deploy.0 = Release|x64
		{E146F0A2-9DF6-477C-8DEF-1F804BFE91EE}.Ad-Hoc|x86.ActiveCfg = Release|x86
		{E146F0A2-9DF6-477C-8DEF-1F804BFE91EE}.Ad-Hoc|x86.Build.0 = Release|x86
		{E146F0A2-9DF6-477C-8DEF-1F804BFE91EE}.Ad-Hoc|x86.Deploy.0 = Release|x86
		{E146F0A2-9DF6-477C-8DEF-1F804BFE91EE}.AppStore|Any CPU.ActiveCfg = Release|Any CPU
		{E146F0A2-9DF6-477C-8DEF-1F804BFE91EE}.AppStore|Any CPU.Build.0 = Release|Any CPU
		{E146F0A2-9DF6-477C-8DEF-1F804BFE91EE}.AppStore|Any CPU.Deploy.0 = Release|Any CPU
		{E146F0A2-9DF6-477C-8DEF-1F804BFE91EE}.AppStore|ARM.ActiveCfg = Release|ARM
		{E146F0A2-9DF6-477C-8DEF-1F804BFE91EE}.AppStore|ARM.Build.0 = Release|ARM
		{E146F0A2-9DF6-477C-8DEF-1F804BFE91EE}.AppStore|ARM.Deploy.0 = Release|ARM
		{E146F0A2-9DF6-477C-8DEF-1F804BFE91EE}.AppStore|iPhone.ActiveCfg = Release|Any CPU
		{E146F0A2-9DF6-477C-8DEF-1F804BFE91EE}.AppStore|iPhone.Build.0 = Release|Any CPU
		{E146F0A2-9DF6-477C-8DEF-1F804BFE91EE}.AppStore|iPhone.Deploy.0 = Release|Any CPU
		{E146F0A2-9DF6-477C-8DEF-1F804BFE91EE}.AppStore|iPhoneSimulator.ActiveCfg = Release|Any CPU
		{E146F0A2-9DF6-477C-8DEF-1F804BFE91EE}.AppStore|iPhoneSimulator.Build.0 = Release|Any CPU
		{E146F0A2-9DF6-477C-8DEF-1F804BFE91EE}.AppStore|iPhoneSimulator.Deploy.0 = Release|Any CPU
		{E146F0A2-9DF6-477C-8DEF-1F804BFE91EE}.AppStore|x64.ActiveCfg = Release|x64
		{E146F0A2-9DF6-477C-8DEF-1F804BFE91EE}.AppStore|x64.Build.0 = Release|x64
		{E146F0A2-9DF6-477C-8DEF-1F804BFE91EE}.AppStore|x64.Deploy.0 = Release|x64
		{E146F0A2-9DF6-477C-8DEF-1F804BFE91EE}.AppStore|x86.ActiveCfg = Release|x86
		{E146F0A2-9DF6-477C-8DEF-1F804BFE91EE}.AppStore|x86.Build.0 = Release|x86
		{E146F0A2-9DF6-477C-8DEF-1F804BFE91EE}.AppStore|x86.Deploy.0 = Release|x86
		{E146F0A2-9DF6-477C-8DEF-1F804BFE91EE}.Debug|Any CPU.ActiveCfg = Debug|Any CPU
		{E146F0A2-9DF6-477C-8DEF-1F804BFE91EE}.Debug|Any CPU.Build.0 = Debug|Any CPU
		{E146F0A2-9DF6-477C-8DEF-1F804BFE91EE}.Debug|Any CPU.Deploy.0 = Debug|Any CPU
		{E146F0A2-9DF6-477C-8DEF-1F804BFE91EE}.Debug|ARM.ActiveCfg = Debug|ARM
		{E146F0A2-9DF6-477C-8DEF-1F804BFE91EE}.Debug|ARM.Build.0 = Debug|ARM
		{E146F0A2-9DF6-477C-8DEF-1F804BFE91EE}.Debug|ARM.Deploy.0 = Debug|ARM
		{E146F0A2-9DF6-477C-8DEF-1F804BFE91EE}.Debug|iPhone.ActiveCfg = Debug|Any CPU
		{E146F0A2-9DF6-477C-8DEF-1F804BFE91EE}.Debug|iPhone.Build.0 = Debug|Any CPU
		{E146F0A2-9DF6-477C-8DEF-1F804BFE91EE}.Debug|iPhone.Deploy.0 = Debug|Any CPU
		{E146F0A2-9DF6-477C-8DEF-1F804BFE91EE}.Debug|iPhoneSimulator.ActiveCfg = Debug|Any CPU
		{E146F0A2-9DF6-477C-8DEF-1F804BFE91EE}.Debug|iPhoneSimulator.Build.0 = Debug|Any CPU
		{E146F0A2-9DF6-477C-8DEF-1F804BFE91EE}.Debug|iPhoneSimulator.Deploy.0 = Debug|Any CPU
		{E146F0A2-9DF6-477C-8DEF-1F804BFE91EE}.Debug|x64.ActiveCfg = Debug|x64
		{E146F0A2-9DF6-477C-8DEF-1F804BFE91EE}.Debug|x64.Build.0 = Debug|x64
		{E146F0A2-9DF6-477C-8DEF-1F804BFE91EE}.Debug|x64.Deploy.0 = Debug|x64
		{E146F0A2-9DF6-477C-8DEF-1F804BFE91EE}.Debug|x86.ActiveCfg = Debug|x86
		{E146F0A2-9DF6-477C-8DEF-1F804BFE91EE}.Debug|x86.Build.0 = Debug|x86
		{E146F0A2-9DF6-477C-8DEF-1F804BFE91EE}.Debug|x86.Deploy.0 = Debug|x86
		{E146F0A2-9DF6-477C-8DEF-1F804BFE91EE}.Release|Any CPU.ActiveCfg = Release|Any CPU
		{E146F0A2-9DF6-477C-8DEF-1F804BFE91EE}.Release|Any CPU.Build.0 = Release|Any CPU
		{E146F0A2-9DF6-477C-8DEF-1F804BFE91EE}.Release|Any CPU.Deploy.0 = Release|Any CPU
		{E146F0A2-9DF6-477C-8DEF-1F804BFE91EE}.Release|ARM.ActiveCfg = Release|ARM
		{E146F0A2-9DF6-477C-8DEF-1F804BFE91EE}.Release|ARM.Build.0 = Release|ARM
		{E146F0A2-9DF6-477C-8DEF-1F804BFE91EE}.Release|ARM.Deploy.0 = Release|ARM
		{E146F0A2-9DF6-477C-8DEF-1F804BFE91EE}.Release|iPhone.ActiveCfg = Release|Any CPU
		{E146F0A2-9DF6-477C-8DEF-1F804BFE91EE}.Release|iPhone.Build.0 = Release|Any CPU
		{E146F0A2-9DF6-477C-8DEF-1F804BFE91EE}.Release|iPhone.Deploy.0 = Release|Any CPU
		{E146F0A2-9DF6-477C-8DEF-1F804BFE91EE}.Release|iPhoneSimulator.ActiveCfg = Release|Any CPU
		{E146F0A2-9DF6-477C-8DEF-1F804BFE91EE}.Release|iPhoneSimulator.Build.0 = Release|Any CPU
		{E146F0A2-9DF6-477C-8DEF-1F804BFE91EE}.Release|iPhoneSimulator.Deploy.0 = Release|Any CPU
		{E146F0A2-9DF6-477C-8DEF-1F804BFE91EE}.Release|x64.ActiveCfg = Release|x64
		{E146F0A2-9DF6-477C-8DEF-1F804BFE91EE}.Release|x64.Build.0 = Release|x64
		{E146F0A2-9DF6-477C-8DEF-1F804BFE91EE}.Release|x64.Deploy.0 = Release|x64
		{E146F0A2-9DF6-477C-8DEF-1F804BFE91EE}.Release|x86.ActiveCfg = Release|x86
		{E146F0A2-9DF6-477C-8DEF-1F804BFE91EE}.Release|x86.Build.0 = Release|x86
		{E146F0A2-9DF6-477C-8DEF-1F804BFE91EE}.Release|x86.Deploy.0 = Release|x86
		{96BD5706-7A4F-439C-B64D-13000C0244F0}.Ad-Hoc|Any CPU.ActiveCfg = Release|Any CPU
		{96BD5706-7A4F-439C-B64D-13000C0244F0}.Ad-Hoc|Any CPU.Build.0 = Release|Any CPU
		{96BD5706-7A4F-439C-B64D-13000C0244F0}.Ad-Hoc|Any CPU.Deploy.0 = Release|Any CPU
		{96BD5706-7A4F-439C-B64D-13000C0244F0}.Ad-Hoc|ARM.ActiveCfg = Release|Any CPU
		{96BD5706-7A4F-439C-B64D-13000C0244F0}.Ad-Hoc|ARM.Build.0 = Release|Any CPU
		{96BD5706-7A4F-439C-B64D-13000C0244F0}.Ad-Hoc|ARM.Deploy.0 = Release|Any CPU
		{96BD5706-7A4F-439C-B64D-13000C0244F0}.Ad-Hoc|iPhone.ActiveCfg = Release|Any CPU
		{96BD5706-7A4F-439C-B64D-13000C0244F0}.Ad-Hoc|iPhone.Build.0 = Release|Any CPU
		{96BD5706-7A4F-439C-B64D-13000C0244F0}.Ad-Hoc|iPhone.Deploy.0 = Release|Any CPU
		{96BD5706-7A4F-439C-B64D-13000C0244F0}.Ad-Hoc|iPhoneSimulator.ActiveCfg = Release|Any CPU
		{96BD5706-7A4F-439C-B64D-13000C0244F0}.Ad-Hoc|iPhoneSimulator.Build.0 = Release|Any CPU
		{96BD5706-7A4F-439C-B64D-13000C0244F0}.Ad-Hoc|iPhoneSimulator.Deploy.0 = Release|Any CPU
		{96BD5706-7A4F-439C-B64D-13000C0244F0}.Ad-Hoc|x64.ActiveCfg = Release|Any CPU
		{96BD5706-7A4F-439C-B64D-13000C0244F0}.Ad-Hoc|x64.Build.0 = Release|Any CPU
		{96BD5706-7A4F-439C-B64D-13000C0244F0}.Ad-Hoc|x64.Deploy.0 = Release|Any CPU
		{96BD5706-7A4F-439C-B64D-13000C0244F0}.Ad-Hoc|x86.ActiveCfg = Release|Any CPU
		{96BD5706-7A4F-439C-B64D-13000C0244F0}.Ad-Hoc|x86.Build.0 = Release|Any CPU
		{96BD5706-7A4F-439C-B64D-13000C0244F0}.Ad-Hoc|x86.Deploy.0 = Release|Any CPU
		{96BD5706-7A4F-439C-B64D-13000C0244F0}.AppStore|Any CPU.ActiveCfg = Release|Any CPU
		{96BD5706-7A4F-439C-B64D-13000C0244F0}.AppStore|Any CPU.Build.0 = Release|Any CPU
		{96BD5706-7A4F-439C-B64D-13000C0244F0}.AppStore|Any CPU.Deploy.0 = Release|Any CPU
		{96BD5706-7A4F-439C-B64D-13000C0244F0}.AppStore|ARM.ActiveCfg = Release|Any CPU
		{96BD5706-7A4F-439C-B64D-13000C0244F0}.AppStore|ARM.Build.0 = Release|Any CPU
		{96BD5706-7A4F-439C-B64D-13000C0244F0}.AppStore|ARM.Deploy.0 = Release|Any CPU
		{96BD5706-7A4F-439C-B64D-13000C0244F0}.AppStore|iPhone.ActiveCfg = Release|Any CPU
		{96BD5706-7A4F-439C-B64D-13000C0244F0}.AppStore|iPhone.Build.0 = Release|Any CPU
		{96BD5706-7A4F-439C-B64D-13000C0244F0}.AppStore|iPhone.Deploy.0 = Release|Any CPU
		{96BD5706-7A4F-439C-B64D-13000C0244F0}.AppStore|iPhoneSimulator.ActiveCfg = Release|Any CPU
		{96BD5706-7A4F-439C-B64D-13000C0244F0}.AppStore|iPhoneSimulator.Build.0 = Release|Any CPU
		{96BD5706-7A4F-439C-B64D-13000C0244F0}.AppStore|iPhoneSimulator.Deploy.0 = Release|Any CPU
		{96BD5706-7A4F-439C-B64D-13000C0244F0}.AppStore|x64.ActiveCfg = Release|Any CPU
		{96BD5706-7A4F-439C-B64D-13000C0244F0}.AppStore|x64.Build.0 = Release|Any CPU
		{96BD5706-7A4F-439C-B64D-13000C0244F0}.AppStore|x64.Deploy.0 = Release|Any CPU
		{96BD5706-7A4F-439C-B64D-13000C0244F0}.AppStore|x86.ActiveCfg = Release|Any CPU
		{96BD5706-7A4F-439C-B64D-13000C0244F0}.AppStore|x86.Build.0 = Release|Any CPU
		{96BD5706-7A4F-439C-B64D-13000C0244F0}.AppStore|x86.Deploy.0 = Release|Any CPU
		{96BD5706-7A4F-439C-B64D-13000C0244F0}.Debug|Any CPU.ActiveCfg = Debug|Any CPU
		{96BD5706-7A4F-439C-B64D-13000C0244F0}.Debug|Any CPU.Build.0 = Debug|Any CPU
		{96BD5706-7A4F-439C-B64D-13000C0244F0}.Debug|Any CPU.Deploy.0 = Debug|Any CPU
		{96BD5706-7A4F-439C-B64D-13000C0244F0}.Debug|ARM.ActiveCfg = Debug|Any CPU
		{96BD5706-7A4F-439C-B64D-13000C0244F0}.Debug|ARM.Build.0 = Debug|Any CPU
		{96BD5706-7A4F-439C-B64D-13000C0244F0}.Debug|ARM.Deploy.0 = Debug|Any CPU
		{96BD5706-7A4F-439C-B64D-13000C0244F0}.Debug|iPhone.ActiveCfg = Debug|Any CPU
		{96BD5706-7A4F-439C-B64D-13000C0244F0}.Debug|iPhone.Build.0 = Debug|Any CPU
		{96BD5706-7A4F-439C-B64D-13000C0244F0}.Debug|iPhone.Deploy.0 = Debug|Any CPU
		{96BD5706-7A4F-439C-B64D-13000C0244F0}.Debug|iPhoneSimulator.ActiveCfg = Debug|Any CPU
		{96BD5706-7A4F-439C-B64D-13000C0244F0}.Debug|iPhoneSimulator.Build.0 = Debug|Any CPU
		{96BD5706-7A4F-439C-B64D-13000C0244F0}.Debug|iPhoneSimulator.Deploy.0 = Debug|Any CPU
		{96BD5706-7A4F-439C-B64D-13000C0244F0}.Debug|x64.ActiveCfg = Debug|Any CPU
		{96BD5706-7A4F-439C-B64D-13000C0244F0}.Debug|x64.Build.0 = Debug|Any CPU
		{96BD5706-7A4F-439C-B64D-13000C0244F0}.Debug|x64.Deploy.0 = Debug|Any CPU
		{96BD5706-7A4F-439C-B64D-13000C0244F0}.Debug|x86.ActiveCfg = Debug|Any CPU
		{96BD5706-7A4F-439C-B64D-13000C0244F0}.Debug|x86.Build.0 = Debug|Any CPU
		{96BD5706-7A4F-439C-B64D-13000C0244F0}.Debug|x86.Deploy.0 = Debug|Any CPU
		{96BD5706-7A4F-439C-B64D-13000C0244F0}.Release|Any CPU.ActiveCfg = Release|Any CPU
		{96BD5706-7A4F-439C-B64D-13000C0244F0}.Release|Any CPU.Build.0 = Release|Any CPU
		{96BD5706-7A4F-439C-B64D-13000C0244F0}.Release|Any CPU.Deploy.0 = Release|Any CPU
		{96BD5706-7A4F-439C-B64D-13000C0244F0}.Release|ARM.ActiveCfg = Release|Any CPU
		{96BD5706-7A4F-439C-B64D-13000C0244F0}.Release|ARM.Build.0 = Release|Any CPU
		{96BD5706-7A4F-439C-B64D-13000C0244F0}.Release|ARM.Deploy.0 = Release|Any CPU
		{96BD5706-7A4F-439C-B64D-13000C0244F0}.Release|iPhone.ActiveCfg = Release|Any CPU
		{96BD5706-7A4F-439C-B64D-13000C0244F0}.Release|iPhone.Build.0 = Release|Any CPU
		{96BD5706-7A4F-439C-B64D-13000C0244F0}.Release|iPhone.Deploy.0 = Release|Any CPU
		{96BD5706-7A4F-439C-B64D-13000C0244F0}.Release|iPhoneSimulator.ActiveCfg = Release|Any CPU
		{96BD5706-7A4F-439C-B64D-13000C0244F0}.Release|iPhoneSimulator.Build.0 = Release|Any CPU
		{96BD5706-7A4F-439C-B64D-13000C0244F0}.Release|iPhoneSimulator.Deploy.0 = Release|Any CPU
		{96BD5706-7A4F-439C-B64D-13000C0244F0}.Release|x64.ActiveCfg = Release|Any CPU
		{96BD5706-7A4F-439C-B64D-13000C0244F0}.Release|x64.Build.0 = Release|Any CPU
		{96BD5706-7A4F-439C-B64D-13000C0244F0}.Release|x64.Deploy.0 = Release|Any CPU
		{96BD5706-7A4F-439C-B64D-13000C0244F0}.Release|x86.ActiveCfg = Release|Any CPU
		{96BD5706-7A4F-439C-B64D-13000C0244F0}.Release|x86.Build.0 = Release|Any CPU
		{96BD5706-7A4F-439C-B64D-13000C0244F0}.Release|x86.Deploy.0 = Release|Any CPU
		{5802A4F0-EA7C-415F-A6A2-0220C5DF681B}.Ad-Hoc|Any CPU.ActiveCfg = Release|Any CPU
		{5802A4F0-EA7C-415F-A6A2-0220C5DF681B}.Ad-Hoc|Any CPU.Build.0 = Release|Any CPU
		{5802A4F0-EA7C-415F-A6A2-0220C5DF681B}.Ad-Hoc|ARM.ActiveCfg = Release|Any CPU
		{5802A4F0-EA7C-415F-A6A2-0220C5DF681B}.Ad-Hoc|ARM.Build.0 = Release|Any CPU
		{5802A4F0-EA7C-415F-A6A2-0220C5DF681B}.Ad-Hoc|iPhone.ActiveCfg = Release|Any CPU
		{5802A4F0-EA7C-415F-A6A2-0220C5DF681B}.Ad-Hoc|iPhone.Build.0 = Release|Any CPU
		{5802A4F0-EA7C-415F-A6A2-0220C5DF681B}.Ad-Hoc|iPhoneSimulator.ActiveCfg = Release|Any CPU
		{5802A4F0-EA7C-415F-A6A2-0220C5DF681B}.Ad-Hoc|iPhoneSimulator.Build.0 = Release|Any CPU
		{5802A4F0-EA7C-415F-A6A2-0220C5DF681B}.Ad-Hoc|x64.ActiveCfg = Release|Any CPU
		{5802A4F0-EA7C-415F-A6A2-0220C5DF681B}.Ad-Hoc|x64.Build.0 = Release|Any CPU
		{5802A4F0-EA7C-415F-A6A2-0220C5DF681B}.Ad-Hoc|x86.ActiveCfg = Release|Any CPU
		{5802A4F0-EA7C-415F-A6A2-0220C5DF681B}.Ad-Hoc|x86.Build.0 = Release|Any CPU
		{5802A4F0-EA7C-415F-A6A2-0220C5DF681B}.AppStore|Any CPU.ActiveCfg = Release|Any CPU
		{5802A4F0-EA7C-415F-A6A2-0220C5DF681B}.AppStore|Any CPU.Build.0 = Release|Any CPU
		{5802A4F0-EA7C-415F-A6A2-0220C5DF681B}.AppStore|ARM.ActiveCfg = Release|Any CPU
		{5802A4F0-EA7C-415F-A6A2-0220C5DF681B}.AppStore|ARM.Build.0 = Release|Any CPU
		{5802A4F0-EA7C-415F-A6A2-0220C5DF681B}.AppStore|iPhone.ActiveCfg = Release|Any CPU
		{5802A4F0-EA7C-415F-A6A2-0220C5DF681B}.AppStore|iPhone.Build.0 = Release|Any CPU
		{5802A4F0-EA7C-415F-A6A2-0220C5DF681B}.AppStore|iPhoneSimulator.ActiveCfg = Release|Any CPU
		{5802A4F0-EA7C-415F-A6A2-0220C5DF681B}.AppStore|iPhoneSimulator.Build.0 = Release|Any CPU
		{5802A4F0-EA7C-415F-A6A2-0220C5DF681B}.AppStore|x64.ActiveCfg = Release|Any CPU
		{5802A4F0-EA7C-415F-A6A2-0220C5DF681B}.AppStore|x64.Build.0 = Release|Any CPU
		{5802A4F0-EA7C-415F-A6A2-0220C5DF681B}.AppStore|x86.ActiveCfg = Release|Any CPU
		{5802A4F0-EA7C-415F-A6A2-0220C5DF681B}.AppStore|x86.Build.0 = Release|Any CPU
		{5802A4F0-EA7C-415F-A6A2-0220C5DF681B}.Debug|Any CPU.ActiveCfg = Debug|Any CPU
		{5802A4F0-EA7C-415F-A6A2-0220C5DF681B}.Debug|Any CPU.Build.0 = Debug|Any CPU
		{5802A4F0-EA7C-415F-A6A2-0220C5DF681B}.Debug|ARM.ActiveCfg = Debug|Any CPU
		{5802A4F0-EA7C-415F-A6A2-0220C5DF681B}.Debug|ARM.Build.0 = Debug|Any CPU
		{5802A4F0-EA7C-415F-A6A2-0220C5DF681B}.Debug|iPhone.ActiveCfg = Debug|Any CPU
		{5802A4F0-EA7C-415F-A6A2-0220C5DF681B}.Debug|iPhone.Build.0 = Debug|Any CPU
		{5802A4F0-EA7C-415F-A6A2-0220C5DF681B}.Debug|iPhoneSimulator.ActiveCfg = Debug|Any CPU
		{5802A4F0-EA7C-415F-A6A2-0220C5DF681B}.Debug|iPhoneSimulator.Build.0 = Debug|Any CPU
		{5802A4F0-EA7C-415F-A6A2-0220C5DF681B}.Debug|x64.ActiveCfg = Debug|Any CPU
		{5802A4F0-EA7C-415F-A6A2-0220C5DF681B}.Debug|x64.Build.0 = Debug|Any CPU
		{5802A4F0-EA7C-415F-A6A2-0220C5DF681B}.Debug|x86.ActiveCfg = Debug|Any CPU
		{5802A4F0-EA7C-415F-A6A2-0220C5DF681B}.Debug|x86.Build.0 = Debug|Any CPU
		{5802A4F0-EA7C-415F-A6A2-0220C5DF681B}.Release|Any CPU.ActiveCfg = Release|Any CPU
		{5802A4F0-EA7C-415F-A6A2-0220C5DF681B}.Release|Any CPU.Build.0 = Release|Any CPU
		{5802A4F0-EA7C-415F-A6A2-0220C5DF681B}.Release|ARM.ActiveCfg = Release|Any CPU
		{5802A4F0-EA7C-415F-A6A2-0220C5DF681B}.Release|ARM.Build.0 = Release|Any CPU
		{5802A4F0-EA7C-415F-A6A2-0220C5DF681B}.Release|iPhone.ActiveCfg = Release|Any CPU
		{5802A4F0-EA7C-415F-A6A2-0220C5DF681B}.Release|iPhone.Build.0 = Release|Any CPU
		{5802A4F0-EA7C-415F-A6A2-0220C5DF681B}.Release|iPhoneSimulator.ActiveCfg = Release|Any CPU
		{5802A4F0-EA7C-415F-A6A2-0220C5DF681B}.Release|iPhoneSimulator.Build.0 = Release|Any CPU
		{5802A4F0-EA7C-415F-A6A2-0220C5DF681B}.Release|x64.ActiveCfg = Release|Any CPU
		{5802A4F0-EA7C-415F-A6A2-0220C5DF681B}.Release|x64.Build.0 = Release|Any CPU
		{5802A4F0-EA7C-415F-A6A2-0220C5DF681B}.Release|x86.ActiveCfg = Release|Any CPU
		{5802A4F0-EA7C-415F-A6A2-0220C5DF681B}.Release|x86.Build.0 = Release|Any CPU
		{E1DD1F5E-D88A-492A-82CF-BAC23FD995D8}.Ad-Hoc|Any CPU.ActiveCfg = Release|Any CPU
		{E1DD1F5E-D88A-492A-82CF-BAC23FD995D8}.Ad-Hoc|Any CPU.Build.0 = Release|Any CPU
		{E1DD1F5E-D88A-492A-82CF-BAC23FD995D8}.Ad-Hoc|ARM.ActiveCfg = Release|Any CPU
		{E1DD1F5E-D88A-492A-82CF-BAC23FD995D8}.Ad-Hoc|ARM.Build.0 = Release|Any CPU
		{E1DD1F5E-D88A-492A-82CF-BAC23FD995D8}.Ad-Hoc|iPhone.ActiveCfg = Release|Any CPU
		{E1DD1F5E-D88A-492A-82CF-BAC23FD995D8}.Ad-Hoc|iPhone.Build.0 = Release|Any CPU
		{E1DD1F5E-D88A-492A-82CF-BAC23FD995D8}.Ad-Hoc|iPhoneSimulator.ActiveCfg = Release|Any CPU
		{E1DD1F5E-D88A-492A-82CF-BAC23FD995D8}.Ad-Hoc|iPhoneSimulator.Build.0 = Release|Any CPU
		{E1DD1F5E-D88A-492A-82CF-BAC23FD995D8}.Ad-Hoc|x64.ActiveCfg = Release|Any CPU
		{E1DD1F5E-D88A-492A-82CF-BAC23FD995D8}.Ad-Hoc|x64.Build.0 = Release|Any CPU
		{E1DD1F5E-D88A-492A-82CF-BAC23FD995D8}.Ad-Hoc|x86.ActiveCfg = Release|Any CPU
		{E1DD1F5E-D88A-492A-82CF-BAC23FD995D8}.Ad-Hoc|x86.Build.0 = Release|Any CPU
		{E1DD1F5E-D88A-492A-82CF-BAC23FD995D8}.AppStore|Any CPU.ActiveCfg = Release|Any CPU
		{E1DD1F5E-D88A-492A-82CF-BAC23FD995D8}.AppStore|Any CPU.Build.0 = Release|Any CPU
		{E1DD1F5E-D88A-492A-82CF-BAC23FD995D8}.AppStore|ARM.ActiveCfg = Release|Any CPU
		{E1DD1F5E-D88A-492A-82CF-BAC23FD995D8}.AppStore|ARM.Build.0 = Release|Any CPU
		{E1DD1F5E-D88A-492A-82CF-BAC23FD995D8}.AppStore|iPhone.ActiveCfg = Release|Any CPU
		{E1DD1F5E-D88A-492A-82CF-BAC23FD995D8}.AppStore|iPhone.Build.0 = Release|Any CPU
		{E1DD1F5E-D88A-492A-82CF-BAC23FD995D8}.AppStore|iPhoneSimulator.ActiveCfg = Release|Any CPU
		{E1DD1F5E-D88A-492A-82CF-BAC23FD995D8}.AppStore|iPhoneSimulator.Build.0 = Release|Any CPU
		{E1DD1F5E-D88A-492A-82CF-BAC23FD995D8}.AppStore|x64.ActiveCfg = Release|Any CPU
		{E1DD1F5E-D88A-492A-82CF-BAC23FD995D8}.AppStore|x64.Build.0 = Release|Any CPU
		{E1DD1F5E-D88A-492A-82CF-BAC23FD995D8}.AppStore|x86.ActiveCfg = Release|Any CPU
		{E1DD1F5E-D88A-492A-82CF-BAC23FD995D8}.AppStore|x86.Build.0 = Release|Any CPU
		{E1DD1F5E-D88A-492A-82CF-BAC23FD995D8}.Debug|Any CPU.ActiveCfg = Debug|Any CPU
		{E1DD1F5E-D88A-492A-82CF-BAC23FD995D8}.Debug|Any CPU.Build.0 = Debug|Any CPU
		{E1DD1F5E-D88A-492A-82CF-BAC23FD995D8}.Debug|ARM.ActiveCfg = Debug|Any CPU
		{E1DD1F5E-D88A-492A-82CF-BAC23FD995D8}.Debug|ARM.Build.0 = Debug|Any CPU
		{E1DD1F5E-D88A-492A-82CF-BAC23FD995D8}.Debug|iPhone.ActiveCfg = Debug|Any CPU
		{E1DD1F5E-D88A-492A-82CF-BAC23FD995D8}.Debug|iPhone.Build.0 = Debug|Any CPU
		{E1DD1F5E-D88A-492A-82CF-BAC23FD995D8}.Debug|iPhoneSimulator.ActiveCfg = Debug|Any CPU
		{E1DD1F5E-D88A-492A-82CF-BAC23FD995D8}.Debug|iPhoneSimulator.Build.0 = Debug|Any CPU
		{E1DD1F5E-D88A-492A-82CF-BAC23FD995D8}.Debug|x64.ActiveCfg = Debug|Any CPU
		{E1DD1F5E-D88A-492A-82CF-BAC23FD995D8}.Debug|x64.Build.0 = Debug|Any CPU
		{E1DD1F5E-D88A-492A-82CF-BAC23FD995D8}.Debug|x86.ActiveCfg = Debug|Any CPU
		{E1DD1F5E-D88A-492A-82CF-BAC23FD995D8}.Debug|x86.Build.0 = Debug|Any CPU
		{E1DD1F5E-D88A-492A-82CF-BAC23FD995D8}.Release|Any CPU.ActiveCfg = Release|Any CPU
		{E1DD1F5E-D88A-492A-82CF-BAC23FD995D8}.Release|Any CPU.Build.0 = Release|Any CPU
		{E1DD1F5E-D88A-492A-82CF-BAC23FD995D8}.Release|ARM.ActiveCfg = Release|Any CPU
		{E1DD1F5E-D88A-492A-82CF-BAC23FD995D8}.Release|ARM.Build.0 = Release|Any CPU
		{E1DD1F5E-D88A-492A-82CF-BAC23FD995D8}.Release|iPhone.ActiveCfg = Release|Any CPU
		{E1DD1F5E-D88A-492A-82CF-BAC23FD995D8}.Release|iPhone.Build.0 = Release|Any CPU
		{E1DD1F5E-D88A-492A-82CF-BAC23FD995D8}.Release|iPhoneSimulator.ActiveCfg = Release|Any CPU
		{E1DD1F5E-D88A-492A-82CF-BAC23FD995D8}.Release|iPhoneSimulator.Build.0 = Release|Any CPU
		{E1DD1F5E-D88A-492A-82CF-BAC23FD995D8}.Release|x64.ActiveCfg = Release|Any CPU
		{E1DD1F5E-D88A-492A-82CF-BAC23FD995D8}.Release|x64.Build.0 = Release|Any CPU
		{E1DD1F5E-D88A-492A-82CF-BAC23FD995D8}.Release|x86.ActiveCfg = Release|Any CPU
		{E1DD1F5E-D88A-492A-82CF-BAC23FD995D8}.Release|x86.Build.0 = Release|Any CPU
	EndGlobalSection
	GlobalSection(SolutionProperties) = preSolution
		HideSolutionNode = FALSE
	EndGlobalSection
EndGlobal
